
Microsoft Visual Studio Solution File, Format Version 12.00
# Visual Studio 2012
Project("{FAE04EC0-301F-11D3-BF4B-00C04F79EFBC}") = "Opdracht 8", "Opdracht 8\Opdracht 8.csproj", "{A779D9CA-FE33-41AE-B1ED-49BE0961513C}"
EndProject
Global
	GlobalSection(SolutionConfigurationPlatforms) = preSolution
		Debug|Any CPU = Debug|Any CPU
		Release|Any CPU = Release|Any CPU
	EndGlobalSection
	GlobalSection(ProjectConfigurationPlatforms) = postSolution
		{A779D9CA-FE33-41AE-B1ED-49BE0961513C}.Debug|Any CPU.ActiveCfg = Debug|Any CPU
		{A779D9CA-FE33-41AE-B1ED-49BE0961513C}.Debug|Any CPU.Build.0 = Debug|Any CPU
		{A779D9CA-FE33-41AE-B1ED-49BE0961513C}.Release|Any CPU.ActiveCfg = Release|Any CPU
		{A779D9CA-FE33-41AE-B1ED-49BE0961513C}.Release|Any CPU.Build.0 = Release|Any CPU
	EndGlobalSection
	GlobalSection(SolutionProperties) = preSolution
		HideSolutionNode = FALSE
	EndGlobalSection
EndGlobal
